
Microsoft Visual Studio Solution File, Format Version 12.00
# Visual Studio Version 16
VisualStudioVersion = 16.0.31205.134
MinimumVisualStudioVersion = 10.0.40219.1
Project("{FAE04EC0-301F-11D3-BF4B-00C04F79EFBC}") = "WsParallel", "WsParallel\WsParallel.csproj", "{37D6BA80-99D0-4AD7-A4EF-56D8856513BF}"
EndProject
Global
	GlobalSection(SolutionConfigurationPlatforms) = preSolution
		Debug|Any CPU = Debug|Any CPU
		Release|Any CPU = Release|Any CPU
	EndGlobalSection
	GlobalSection(ProjectConfigurationPlatforms) = postSolution
		{37D6BA80-99D0-4AD7-A4EF-56D8856513BF}.Debug|Any CPU.ActiveCfg = Debug|Any CPU
		{37D6BA80-99D0-4AD7-A4EF-56D8856513BF}.Debug|Any CPU.Build.0 = Debug|Any CPU
		{37D6BA80-99D0-4AD7-A4EF-56D8856513BF}.Release|Any CPU.ActiveCfg = Release|Any CPU
		{37D6BA80-99D0-4AD7-A4EF-56D8856513BF}.Release|Any CPU.Build.0 = Release|Any CPU
	EndGlobalSection
	GlobalSection(SolutionProperties) = preSolution
		HideSolutionNode = FALSE
	EndGlobalSection
	GlobalSection(ExtensibilityGlobals) = postSolution
		SolutionGuid = {CBD635AE-170F-4CB1-9822-E4C0E1DAFE7B}
	EndGlobalSection
EndGlobal
